
Microsoft Visual Studio Solution File, Format Version 12.00
# Visual Studio Version 17
VisualStudioVersion = 17.11.35303.130
MinimumVisualStudioVersion = 10.0.40219.1
Project("{9A19103F-16F7-4668-BE54-9A1E7A4F7556}") = "Makku.APCMini.MK2", "Makku.APCMini.MK2\Makku.APCMini.MK2.csproj", "{77DA137E-F429-4F6E-B584-5FD7E72C9369}"
EndProject
Project("{9A19103F-16F7-4668-BE54-9A1E7A4F7556}") = "Makku.MIDI", "Makku.MIDI\Makku.MIDI.csproj", "{F1524C76-D35B-4E1C-A2DC-B461A1358E63}"
EndProject
Project("{9A19103F-16F7-4668-BE54-9A1E7A4F7556}") = "Makku.MIDIPad", "Makku.MIDIPad\Makku.MIDIPad.csproj", "{71D1C099-7C5F-4E83-ABED-5B55EAFC21A7}"
	ProjectSection(ProjectDependencies) = postProject
		{77DA137E-F429-4F6E-B584-5FD7E72C9369} = {77DA137E-F429-4F6E-B584-5FD7E72C9369}
	EndProjectSection
EndProject
Project("{9A19103F-16F7-4668-BE54-9A1E7A4F7556}") = "Makku.MIDIPad.Voicemeeter", "Makku.MIDIPad.Voicemeeter\Makku.MIDIPad.Voicemeeter.csproj", "{E05F22C7-57A7-4888-8CE8-92F3402C2DFE}"
EndProject
Project("{9A19103F-16F7-4668-BE54-9A1E7A4F7556}") = "Makku.MIDIPad.Core", "Makku.MIDIPad.Core\Makku.MIDIPad.Core.csproj", "{41CB97C1-9A17-4308-925D-81679A1757AB}"
EndProject
Project("{FAE04EC0-301F-11D3-BF4B-00C04F79EFBC}") = "Makku.MIDI.APCMiniMk2", "Makku.MIDI.APCMiniMk2\Makku.MIDI.APCMiniMk2.csproj", "{2D62073A-B50B-430E-8A50-DC168C6827A3}"
EndProject
Project("{FAE04EC0-301F-11D3-BF4B-00C04F79EFBC}") = "Makku.MIDI.LED", "Makku.MIDI.LED\Makku.MIDI.LED.csproj", "{E612F27C-6DDE-4DB6-82D1-6F998CA23FC9}"
EndProject
Project("{FAE04EC0-301F-11D3-BF4B-00C04F79EFBC}") = "Makku.MIDI.Pad", "Makku.MIDI.Pad\Makku.MIDI.Pad.csproj", "{C14AA8B0-64B9-4122-BBDC-F073916268A8}"
EndProject
Project("{FAE04EC0-301F-11D3-BF4B-00C04F79EFBC}") = "Makku.MIDI.ExtendedLED", "Makku.MIDI.ExtendedLED\Makku.MIDI.ExtendedLED.csproj", "{B2BDBD79-9984-4C99-B2D1-20DA45F1A023}"
EndProject
Project("{FAE04EC0-301F-11D3-BF4B-00C04F79EFBC}") = "Makku.MIDI.SingleLED", "Makku.MIDI.SingleLED\Makku.MIDI.SingleLED.csproj", "{FE230B3B-E9FD-444B-AFCC-15FF4E6FB94C}"
EndProject
Global
	GlobalSection(SolutionConfigurationPlatforms) = preSolution
		Debug|Any CPU = Debug|Any CPU
		Release|Any CPU = Release|Any CPU
	EndGlobalSection
	GlobalSection(ProjectConfigurationPlatforms) = postSolution
		{77DA137E-F429-4F6E-B584-5FD7E72C9369}.Debug|Any CPU.ActiveCfg = Debug|Any CPU
		{77DA137E-F429-4F6E-B584-5FD7E72C9369}.Debug|Any CPU.Build.0 = Debug|Any CPU
		{77DA137E-F429-4F6E-B584-5FD7E72C9369}.Release|Any CPU.ActiveCfg = Release|Any CPU
		{77DA137E-F429-4F6E-B584-5FD7E72C9369}.Release|Any CPU.Build.0 = Release|Any CPU
		{F1524C76-D35B-4E1C-A2DC-B461A1358E63}.Debug|Any CPU.ActiveCfg = Debug|Any CPU
		{F1524C76-D35B-4E1C-A2DC-B461A1358E63}.Debug|Any CPU.Build.0 = Debug|Any CPU
		{F1524C76-D35B-4E1C-A2DC-B461A1358E63}.Release|Any CPU.ActiveCfg = Release|Any CPU
		{F1524C76-D35B-4E1C-A2DC-B461A1358E63}.Release|Any CPU.Build.0 = Release|Any CPU
		{71D1C099-7C5F-4E83-ABED-5B55EAFC21A7}.Debug|Any CPU.ActiveCfg = Debug|Any CPU
		{71D1C099-7C5F-4E83-ABED-5B55EAFC21A7}.Debug|Any CPU.Build.0 = Debug|Any CPU
		{71D1C099-7C5F-4E83-ABED-5B55EAFC21A7}.Release|Any CPU.ActiveCfg = Release|Any CPU
		{71D1C099-7C5F-4E83-ABED-5B55EAFC21A7}.Release|Any CPU.Build.0 = Release|Any CPU
		{E05F22C7-57A7-4888-8CE8-92F3402C2DFE}.Debug|Any CPU.ActiveCfg = Debug|Any CPU
		{E05F22C7-57A7-4888-8CE8-92F3402C2DFE}.Debug|Any CPU.Build.0 = Debug|Any CPU
		{E05F22C7-57A7-4888-8CE8-92F3402C2DFE}.Release|Any CPU.ActiveCfg = Release|Any CPU
		{E05F22C7-57A7-4888-8CE8-92F3402C2DFE}.Release|Any CPU.Build.0 = Release|Any CPU
		{41CB97C1-9A17-4308-925D-81679A1757AB}.Debug|Any CPU.ActiveCfg = Debug|Any CPU
		{41CB97C1-9A17-4308-925D-81679A1757AB}.Debug|Any CPU.Build.0 = Debug|Any CPU
		{41CB97C1-9A17-4308-925D-81679A1757AB}.Release|Any CPU.ActiveCfg = Release|Any CPU
		{41CB97C1-9A17-4308-925D-81679A1757AB}.Release|Any CPU.Build.0 = Release|Any CPU
		{2D62073A-B50B-430E-8A50-DC168C6827A3}.Debug|Any CPU.ActiveCfg = Debug|Any CPU
		{2D62073A-B50B-430E-8A50-DC168C6827A3}.Debug|Any CPU.Build.0 = Debug|Any CPU
		{2D62073A-B50B-430E-8A50-DC168C6827A3}.Release|Any CPU.ActiveCfg = Release|Any CPU
		{2D62073A-B50B-430E-8A50-DC168C6827A3}.Release|Any CPU.Build.0 = Release|Any CPU
		{E612F27C-6DDE-4DB6-82D1-6F998CA23FC9}.Debug|Any CPU.ActiveCfg = Debug|Any CPU
		{E612F27C-6DDE-4DB6-82D1-6F998CA23FC9}.Debug|Any CPU.Build.0 = Debug|Any CPU
		{E612F27C-6DDE-4DB6-82D1-6F998CA23FC9}.Release|Any CPU.ActiveCfg = Release|Any CPU
		{E612F27C-6DDE-4DB6-82D1-6F998CA23FC9}.Release|Any CPU.Build.0 = Release|Any CPU
		{C14AA8B0-64B9-4122-BBDC-F073916268A8}.Debug|Any CPU.ActiveCfg = Debug|Any CPU
		{C14AA8B0-64B9-4122-BBDC-F073916268A8}.Debug|Any CPU.Build.0 = Debug|Any CPU
		{C14AA8B0-64B9-4122-BBDC-F073916268A8}.Release|Any CPU.ActiveCfg = Release|Any CPU
		{C14AA8B0-64B9-4122-BBDC-F073916268A8}.Release|Any CPU.Build.0 = Release|Any CPU
		{B2BDBD79-9984-4C99-B2D1-20DA45F1A023}.Debug|Any CPU.ActiveCfg = Debug|Any CPU
		{B2BDBD79-9984-4C99-B2D1-20DA45F1A023}.Debug|Any CPU.Build.0 = Debug|Any CPU
		{B2BDBD79-9984-4C99-B2D1-20DA45F1A023}.Release|Any CPU.ActiveCfg = Release|Any CPU
		{B2BDBD79-9984-4C99-B2D1-20DA45F1A023}.Release|Any CPU.Build.0 = Release|Any CPU
		{FE230B3B-E9FD-444B-AFCC-15FF4E6FB94C}.Debug|Any CPU.ActiveCfg = Debug|Any CPU
		{FE230B3B-E9FD-444B-AFCC-15FF4E6FB94C}.Debug|Any CPU.Build.0 = Debug|Any CPU
		{FE230B3B-E9FD-444B-AFCC-15FF4E6FB94C}.Release|Any CPU.ActiveCfg = Release|Any CPU
		{FE230B3B-E9FD-444B-AFCC-15FF4E6FB94C}.Release|Any CPU.Build.0 = Release|Any CPU
	EndGlobalSection
	GlobalSection(SolutionProperties) = preSolution
		HideSolutionNode = FALSE
	EndGlobalSection
	GlobalSection(ExtensibilityGlobals) = postSolution
		SolutionGuid = {02851906-47F5-472C-AF76-B6C690655BA6}
	EndGlobalSection
EndGlobal
